
Microsoft Visual Studio Solution File, Format Version 12.00
# Visual Studio Version 17
VisualStudioVersion = 17.8.34330.188
MinimumVisualStudioVersion = 10.0.40219.1
Project("{8BC9CEB8-8B4A-11D0-8D11-00A0C91BC942}") = "10807번", "10807번\10807번.vcxproj", "{BC77555C-CC33-4C1F-93A1-6515EA57D7F3}"
EndProject
Project("{8BC9CEB8-8B4A-11D0-8D11-00A0C91BC942}") = "10871번", "10871번\10871번.vcxproj", "{85A5F6E9-169F-438D-88D9-01FBA6AFF81B}"
EndProject
Project("{8BC9CEB8-8B4A-11D0-8D11-00A0C91BC942}") = "10818번", "10818번\10818번.vcxproj", "{DF8BDA47-D757-4A35-B8E9-2071BF22C165}"
EndProject
Project("{8BC9CEB8-8B4A-11D0-8D11-00A0C91BC942}") = "2562번", "2562번\2562번.vcxproj", "{15EDADBC-A622-4341-A0FC-2AA6B3B6F9E8}"
EndProject
Project("{8BC9CEB8-8B4A-11D0-8D11-00A0C91BC942}") = "10810번", "10810번\10810번.vcxproj", "{D4B9071C-D407-4C94-9522-CED53ED3AC4A}"
EndProject
Project("{8BC9CEB8-8B4A-11D0-8D11-00A0C91BC942}") = "10813번", "10813번\10813번.vcxproj", "{BEF41E6B-DEDD-4CF1-AD98-AFB496B9FD8D}"
EndProject
Project("{8BC9CEB8-8B4A-11D0-8D11-00A0C91BC942}") = "5597번", "5597번\5597번.vcxproj", "{8698575F-BE3B-427B-8973-1A72517C9337}"
EndProject
Project("{8BC9CEB8-8B4A-11D0-8D11-00A0C91BC942}") = "3052번", "3052번\3052번.vcxproj", "{54E7A6E0-F20F-428E-A85E-DE7A60AE5B93}"
EndProject
Project("{8BC9CEB8-8B4A-11D0-8D11-00A0C91BC942}") = "10811번", "10811번\10811번.vcxproj", "{15410C75-1C8A-4BF6-9345-D7025E7D9312}"
EndProject
Project("{8BC9CEB8-8B4A-11D0-8D11-00A0C91BC942}") = "1546번", "1546번\1546번.vcxproj", "{BD772160-2932-4E56-BDDE-D66F94791277}"
EndProject
Global
	GlobalSection(SolutionConfigurationPlatforms) = preSolution
		Debug|x64 = Debug|x64
		Debug|x86 = Debug|x86
		Release|x64 = Release|x64
		Release|x86 = Release|x86
	EndGlobalSection
	GlobalSection(ProjectConfigurationPlatforms) = postSolution
		{BC77555C-CC33-4C1F-93A1-6515EA57D7F3}.Debug|x64.ActiveCfg = Debug|x64
		{BC77555C-CC33-4C1F-93A1-6515EA57D7F3}.Debug|x64.Build.0 = Debug|x64
		{BC77555C-CC33-4C1F-93A1-6515EA57D7F3}.Debug|x86.ActiveCfg = Debug|Win32
		{BC77555C-CC33-4C1F-93A1-6515EA57D7F3}.Debug|x86.Build.0 = Debug|Win32
		{BC77555C-CC33-4C1F-93A1-6515EA57D7F3}.Release|x64.ActiveCfg = Release|x64
		{BC77555C-CC33-4C1F-93A1-6515EA57D7F3}.Release|x64.Build.0 = Release|x64
		{BC77555C-CC33-4C1F-93A1-6515EA57D7F3}.Release|x86.ActiveCfg = Release|Win32
		{BC77555C-CC33-4C1F-93A1-6515EA57D7F3}.Release|x86.Build.0 = Release|Win32
		{85A5F6E9-169F-438D-88D9-01FBA6AFF81B}.Debug|x64.ActiveCfg = Debug|x64
		{85A5F6E9-169F-438D-88D9-01FBA6AFF81B}.Debug|x64.Build.0 = Debug|x64
		{85A5F6E9-169F-438D-88D9-01FBA6AFF81B}.Debug|x86.ActiveCfg = Debug|Win32
		{85A5F6E9-169F-438D-88D9-01FBA6AFF81B}.Debug|x86.Build.0 = Debug|Win32
		{85A5F6E9-169F-438D-88D9-01FBA6AFF81B}.Release|x64.ActiveCfg = Release|x64
		{85A5F6E9-169F-438D-88D9-01FBA6AFF81B}.Release|x64.Build.0 = Release|x64
		{85A5F6E9-169F-438D-88D9-01FBA6AFF81B}.Release|x86.ActiveCfg = Release|Win32
		{85A5F6E9-169F-438D-88D9-01FBA6AFF81B}.Release|x86.Build.0 = Release|Win32
		{DF8BDA47-D757-4A35-B8E9-2071BF22C165}.Debug|x64.ActiveCfg = Debug|x64
		{DF8BDA47-D757-4A35-B8E9-2071BF22C165}.Debug|x64.Build.0 = Debug|x64
		{DF8BDA47-D757-4A35-B8E9-2071BF22C165}.Debug|x86.ActiveCfg = Debug|Win32
		{DF8BDA47-D757-4A35-B8E9-2071BF22C165}.Debug|x86.Build.0 = Debug|Win32
		{DF8BDA47-D757-4A35-B8E9-2071BF22C165}.Release|x64.ActiveCfg = Release|x64
		{DF8BDA47-D757-4A35-B8E9-2071BF22C165}.Release|x64.Build.0 = Release|x64
		{DF8BDA47-D757-4A35-B8E9-2071BF22C165}.Release|x86.ActiveCfg = Release|Win32
		{DF8BDA47-D757-4A35-B8E9-2071BF22C165}.Release|x86.Build.0 = Release|Win32
		{15EDADBC-A622-4341-A0FC-2AA6B3B6F9E8}.Debug|x64.ActiveCfg = Debug|x64
		{15EDADBC-A622-4341-A0FC-2AA6B3B6F9E8}.Debug|x64.Build.0 = Debug|x64
		{15EDADBC-A622-4341-A0FC-2AA6B3B6F9E8}.Debug|x86.ActiveCfg = Debug|Win32
		{15EDADBC-A622-4341-A0FC-2AA6B3B6F9E8}.Debug|x86.Build.0 = Debug|Win32
		{15EDADBC-A622-4341-A0FC-2AA6B3B6F9E8}.Release|x64.ActiveCfg = Release|x64
		{15EDADBC-A622-4341-A0FC-2AA6B3B6F9E8}.Release|x64.Build.0 = Release|x64
		{15EDADBC-A622-4341-A0FC-2AA6B3B6F9E8}.Release|x86.ActiveCfg = Release|Win32
		{15EDADBC-A622-4341-A0FC-2AA6B3B6F9E8}.Release|x86.Build.0 = Release|Win32
		{D4B9071C-D407-4C94-9522-CED53ED3AC4A}.Debug|x64.ActiveCfg = Debug|x64
		{D4B9071C-D407-4C94-9522-CED53ED3AC4A}.Debug|x64.Build.0 = Debug|x64
		{D4B9071C-D407-4C94-9522-CED53ED3AC4A}.Debug|x86.ActiveCfg = Debug|Win32
		{D4B9071C-D407-4C94-9522-CED53ED3AC4A}.Debug|x86.Build.0 = Debug|Win32
		{D4B9071C-D407-4C94-9522-CED53ED3AC4A}.Release|x64.ActiveCfg = Release|x64
		{D4B9071C-D407-4C94-9522-CED53ED3AC4A}.Release|x64.Build.0 = Release|x64
		{D4B9071C-D407-4C94-9522-CED53ED3AC4A}.Release|x86.ActiveCfg = Release|Win32
		{D4B9071C-D407-4C94-9522-CED53ED3AC4A}.Release|x86.Build.0 = Release|Win32
		{BEF41E6B-DEDD-4CF1-AD98-AFB496B9FD8D}.Debug|x64.ActiveCfg = Debug|x64
		{BEF41E6B-DEDD-4CF1-AD98-AFB496B9FD8D}.Debug|x64.Build.0 = Debug|x64
		{BEF41E6B-DEDD-4CF1-AD98-AFB496B9FD8D}.Debug|x86.ActiveCfg = Debug|Win32
		{BEF41E6B-DEDD-4CF1-AD98-AFB496B9FD8D}.Debug|x86.Build.0 = Debug|Win32
		{BEF41E6B-DEDD-4CF1-AD98-AFB496B9FD8D}.Release|x64.ActiveCfg = Release|x64
		{BEF41E6B-DEDD-4CF1-AD98-AFB496B9FD8D}.Release|x64.Build.0 = Release|x64
		{BEF41E6B-DEDD-4CF1-AD98-AFB496B9FD8D}.Release|x86.ActiveCfg = Release|Win32
		{BEF41E6B-DEDD-4CF1-AD98-AFB496B9FD8D}.Release|x86.Build.0 = Release|Win32
		{8698575F-BE3B-427B-8973-1A72517C9337}.Debug|x64.ActiveCfg = Debug|x64
		{8698575F-BE3B-427B-8973-1A72517C9337}.Debug|x64.Build.0 = Debug|x64
		{8698575F-BE3B-427B-8973-1A72517C9337}.Debug|x86.ActiveCfg = Debug|Win32
		{8698575F-BE3B-427B-8973-1A72517C9337}.Debug|x86.Build.0 = Debug|Win32
		{8698575F-BE3B-427B-8973-1A72517C9337}.Release|x64.ActiveCfg = Release|x64
		{8698575F-BE3B-427B-8973-1A72517C9337}.Release|x64.Build.0 = Release|x64
		{8698575F-BE3B-427B-8973-1A72517C9337}.Release|x86.ActiveCfg = Release|Win32
		{8698575F-BE3B-427B-8973-1A72517C9337}.Release|x86.Build.0 = Release|Win32
		{54E7A6E0-F20F-428E-A85E-DE7A60AE5B93}.Debug|x64.ActiveCfg = Debug|x64
		{54E7A6E0-F20F-428E-A85E-DE7A60AE5B93}.Debug|x64.Build.0 = Debug|x64
		{54E7A6E0-F20F-428E-A85E-DE7A60AE5B93}.Debug|x86.ActiveCfg = Debug|Win32
		{54E7A6E0-F20F-428E-A85E-DE7A60AE5B93}.Debug|x86.Build.0 = Debug|Win32
		{54E7A6E0-F20F-428E-A85E-DE7A60AE5B93}.Release|x64.ActiveCfg = Release|x64
		{54E7A6E0-F20F-428E-A85E-DE7A60AE5B93}.Release|x64.Build.0 = Release|x64
		{54E7A6E0-F20F-428E-A85E-DE7A60AE5B93}.Release|x86.ActiveCfg = Release|Win32
		{54E7A6E0-F20F-428E-A85E-DE7A60AE5B93}.Release|x86.Build.0 = Release|Win32
		{15410C75-1C8A-4BF6-9345-D7025E7D9312}.Debug|x64.ActiveCfg = Debug|x64
		{15410C75-1C8A-4BF6-9345-D7025E7D9312}.Debug|x64.Build.0 = Debug|x64
		{15410C75-1C8A-4BF6-9345-D7025E7D9312}.Debug|x86.ActiveCfg = Debug|Win32
		{15410C75-1C8A-4BF6-9345-D7025E7D9312}.Debug|x86.Build.0 = Debug|Win32
		{15410C75-1C8A-4BF6-9345-D7025E7D9312}.Release|x64.ActiveCfg = Release|x64
		{15410C75-1C8A-4BF6-9345-D7025E7D9312}.Release|x64.Build.0 = Release|x64
		{15410C75-1C8A-4BF6-9345-D7025E7D9312}.Release|x86.ActiveCfg = Release|Win32
		{15410C75-1C8A-4BF6-9345-D7025E7D9312}.Release|x86.Build.0 = Release|Win32
		{BD772160-2932-4E56-BDDE-D66F94791277}.Debug|x64.ActiveCfg = Debug|x64
		{BD772160-2932-4E56-BDDE-D66F94791277}.Debug|x64.Build.0 = Debug|x64
		{BD772160-2932-4E56-BDDE-D66F94791277}.Debug|x86.ActiveCfg = Debug|Win32
		{BD772160-2932-4E56-BDDE-D66F94791277}.Debug|x86.Build.0 = Debug|Win32
		{BD772160-2932-4E56-BDDE-D66F94791277}.Release|x64.ActiveCfg = Release|x64
		{BD772160-2932-4E56-BDDE-D66F94791277}.Release|x64.Build.0 = Release|x64
		{BD772160-2932-4E56-BDDE-D66F94791277}.Release|x86.ActiveCfg = Release|Win32
		{BD772160-2932-4E56-BDDE-D66F94791277}.Release|x86.Build.0 = Release|Win32
	EndGlobalSection
	GlobalSection(SolutionProperties) = preSolution
		HideSolutionNode = FALSE
	EndGlobalSection
	GlobalSection(ExtensibilityGlobals) = postSolution
		SolutionGuid = {C463B53E-5BF5-4BC6-8DA5-09969204F09E}
	EndGlobalSection
EndGlobal
